
Microsoft Visual Studio Solution File, Format Version 12.00
# Visual Studio Version 17
VisualStudioVersion = 17.2.32516.85
MinimumVisualStudioVersion = 10.0.40219.1
Project("{FAE04EC0-301F-11D3-BF4B-00C04F79EFBC}") = "BackTarjeta", "BackTarjeta\BackTarjeta.csproj", "{BE75FF29-A42A-47E3-9917-8B8234ACD4EC}"
EndProject
Global
	GlobalSection(SolutionConfigurationPlatforms) = preSolution
		Debug|Any CPU = Debug|Any CPU
		Release|Any CPU = Release|Any CPU
	EndGlobalSection
	GlobalSection(ProjectConfigurationPlatforms) = postSolution
		{BE75FF29-A42A-47E3-9917-8B8234ACD4EC}.Debug|Any CPU.ActiveCfg = Debug|Any CPU
		{BE75FF29-A42A-47E3-9917-8B8234ACD4EC}.Debug|Any CPU.Build.0 = Debug|Any CPU
		{BE75FF29-A42A-47E3-9917-8B8234ACD4EC}.Release|Any CPU.ActiveCfg = Release|Any CPU
		{BE75FF29-A42A-47E3-9917-8B8234ACD4EC}.Release|Any CPU.Build.0 = Release|Any CPU
	EndGlobalSection
	GlobalSection(SolutionProperties) = preSolution
		HideSolutionNode = FALSE
	EndGlobalSection
	GlobalSection(ExtensibilityGlobals) = postSolution
		SolutionGuid = {92DDBB22-3A23-4624-A96F-CDF641EAA543}
	EndGlobalSection
EndGlobal
